
Microsoft Visual Studio Solution File, Format Version 12.00
# Visual Studio Version 17
VisualStudioVersion = 17.0.31919.166
MinimumVisualStudioVersion = 10.0.40219.1
Project("{FAE04EC0-301F-11D3-BF4B-00C04F79EFBC}") = "FD.ConsoleApp", "FD.ConsoleApp\FD.ConsoleApp.csproj", "{4977BA3D-B1B0-43BD-8EEF-B799A379EE70}"
EndProject
Project("{FAE04EC0-301F-11D3-BF4B-00C04F79EFBC}") = "FD.Library", "FD.Library\FD.Library.csproj", "{84BB3A21-7393-4993-98E6-EA265D365E19}"
EndProject
Project("{FAE04EC0-301F-11D3-BF4B-00C04F79EFBC}") = "FD.Library.Tests", "FD.Library.Tests\FD.Library.Tests.csproj", "{3538D5A6-030D-4698-8F8E-FA7BDEA57109}"
EndProject
Global
	GlobalSection(SolutionConfigurationPlatforms) = preSolution
		Debug|Any CPU = Debug|Any CPU
		Release|Any CPU = Release|Any CPU
	EndGlobalSection
	GlobalSection(ProjectConfigurationPlatforms) = postSolution
		{4977BA3D-B1B0-43BD-8EEF-B799A379EE70}.Debug|Any CPU.ActiveCfg = Debug|Any CPU
		{4977BA3D-B1B0-43BD-8EEF-B799A379EE70}.Debug|Any CPU.Build.0 = Debug|Any CPU
		{4977BA3D-B1B0-43BD-8EEF-B799A379EE70}.Release|Any CPU.ActiveCfg = Release|Any CPU
		{4977BA3D-B1B0-43BD-8EEF-B799A379EE70}.Release|Any CPU.Build.0 = Release|Any CPU
		{84BB3A21-7393-4993-98E6-EA265D365E19}.Debug|Any CPU.ActiveCfg = Debug|Any CPU
		{84BB3A21-7393-4993-98E6-EA265D365E19}.Debug|Any CPU.Build.0 = Debug|Any CPU
		{84BB3A21-7393-4993-98E6-EA265D365E19}.Release|Any CPU.ActiveCfg = Release|Any CPU
		{84BB3A21-7393-4993-98E6-EA265D365E19}.Release|Any CPU.Build.0 = Release|Any CPU
		{3538D5A6-030D-4698-8F8E-FA7BDEA57109}.Debug|Any CPU.ActiveCfg = Debug|Any CPU
		{3538D5A6-030D-4698-8F8E-FA7BDEA57109}.Debug|Any CPU.Build.0 = Debug|Any CPU
		{3538D5A6-030D-4698-8F8E-FA7BDEA57109}.Release|Any CPU.ActiveCfg = Release|Any CPU
		{3538D5A6-030D-4698-8F8E-FA7BDEA57109}.Release|Any CPU.Build.0 = Release|Any CPU
	EndGlobalSection
	GlobalSection(SolutionProperties) = preSolution
		HideSolutionNode = FALSE
	EndGlobalSection
	GlobalSection(ExtensibilityGlobals) = postSolution
		SolutionGuid = {121BBAFC-4E5F-485B-8893-CC33438028EC}
	EndGlobalSection
EndGlobal
