
Microsoft Visual Studio Solution File, Format Version 12.00
# Visual Studio Version 17
VisualStudioVersion = 17.0.31919.166
MinimumVisualStudioVersion = 10.0.40219.1
Project("{9A19103F-16F7-4668-BE54-9A1E7A4F7556}") = "FD.Library", "FD.Library\FD.Library.csproj", "{84BB3A21-7393-4993-98E6-EA265D365E19}"
EndProject
Project("{9A19103F-16F7-4668-BE54-9A1E7A4F7556}") = "FD.ConsoleAppCore", "FD.ConsoleAppCore\FD.ConsoleAppCore.csproj", "{EC4DD0D8-B031-4453-BBC1-9F4DA430B920}"
EndProject
Project("{FAE04EC0-301F-11D3-BF4B-00C04F79EFBC}") = "FD.Library.Tests", "FD.Library.Tests\FD.Library.Tests.csproj", "{D72246EC-72D1-441F-9E58-B2E0855B01D0}"
EndProject
Global
	GlobalSection(SolutionConfigurationPlatforms) = preSolution
		Debug|Any CPU = Debug|Any CPU
		Release|Any CPU = Release|Any CPU
	EndGlobalSection
	GlobalSection(ProjectConfigurationPlatforms) = postSolution
		{84BB3A21-7393-4993-98E6-EA265D365E19}.Debug|Any CPU.ActiveCfg = Debug|Any CPU
		{84BB3A21-7393-4993-98E6-EA265D365E19}.Debug|Any CPU.Build.0 = Debug|Any CPU
		{84BB3A21-7393-4993-98E6-EA265D365E19}.Release|Any CPU.ActiveCfg = Release|Any CPU
		{84BB3A21-7393-4993-98E6-EA265D365E19}.Release|Any CPU.Build.0 = Release|Any CPU
		{EC4DD0D8-B031-4453-BBC1-9F4DA430B920}.Debug|Any CPU.ActiveCfg = Debug|Any CPU
		{EC4DD0D8-B031-4453-BBC1-9F4DA430B920}.Debug|Any CPU.Build.0 = Debug|Any CPU
		{EC4DD0D8-B031-4453-BBC1-9F4DA430B920}.Release|Any CPU.ActiveCfg = Release|Any CPU
		{EC4DD0D8-B031-4453-BBC1-9F4DA430B920}.Release|Any CPU.Build.0 = Release|Any CPU
		{D72246EC-72D1-441F-9E58-B2E0855B01D0}.Debug|Any CPU.ActiveCfg = Debug|Any CPU
		{D72246EC-72D1-441F-9E58-B2E0855B01D0}.Debug|Any CPU.Build.0 = Debug|Any CPU
		{D72246EC-72D1-441F-9E58-B2E0855B01D0}.Release|Any CPU.ActiveCfg = Release|Any CPU
		{D72246EC-72D1-441F-9E58-B2E0855B01D0}.Release|Any CPU.Build.0 = Release|Any CPU
	EndGlobalSection
	GlobalSection(SolutionProperties) = preSolution
		HideSolutionNode = FALSE
	EndGlobalSection
	GlobalSection(ExtensibilityGlobals) = postSolution
		SolutionGuid = {121BBAFC-4E5F-485B-8893-CC33438028EC}
	EndGlobalSection
EndGlobal
